
Microsoft Visual Studio Solution File, Format Version 12.00
# Visual Studio 2012
Project("{FAE04EC0-301F-11D3-BF4B-00C04F79EFBC}") = "TextBoxHW", "TextBoxHW\TextBoxHW.csproj", "{FBEF20A5-9134-47E6-8D4D-2A25065898BA}"
EndProject
Project("{FAE04EC0-301F-11D3-BF4B-00C04F79EFBC}") = "ButtonHW", "ButtonHW\ButtonHW.csproj", "{A901B0B2-9DA8-4009-B269-C97CD1D546B6}"
EndProject
Project("{FAE04EC0-301F-11D3-BF4B-00C04F79EFBC}") = "checkedItems", "checkedItems\checkedItems.csproj", "{91E74A8A-1F1D-437D-A2DC-A1B7705D431E}"
EndProject
Project("{FAE04EC0-301F-11D3-BF4B-00C04F79EFBC}") = "ComboBox", "ComboBox\ComboBox.csproj", "{BFF0EAFF-CBE8-4D9F-8DC0-8C6A548EB284}"
EndProject
Global
	GlobalSection(SolutionConfigurationPlatforms) = preSolution
		Debug|Any CPU = Debug|Any CPU
		Release|Any CPU = Release|Any CPU
	EndGlobalSection
	GlobalSection(ProjectConfigurationPlatforms) = postSolution
		{FBEF20A5-9134-47E6-8D4D-2A25065898BA}.Debug|Any CPU.ActiveCfg = Debug|Any CPU
		{FBEF20A5-9134-47E6-8D4D-2A25065898BA}.Debug|Any CPU.Build.0 = Debug|Any CPU
		{FBEF20A5-9134-47E6-8D4D-2A25065898BA}.Release|Any CPU.ActiveCfg = Release|Any CPU
		{FBEF20A5-9134-47E6-8D4D-2A25065898BA}.Release|Any CPU.Build.0 = Release|Any CPU
		{A901B0B2-9DA8-4009-B269-C97CD1D546B6}.Debug|Any CPU.ActiveCfg = Debug|Any CPU
		{A901B0B2-9DA8-4009-B269-C97CD1D546B6}.Debug|Any CPU.Build.0 = Debug|Any CPU
		{A901B0B2-9DA8-4009-B269-C97CD1D546B6}.Release|Any CPU.ActiveCfg = Release|Any CPU
		{A901B0B2-9DA8-4009-B269-C97CD1D546B6}.Release|Any CPU.Build.0 = Release|Any CPU
		{91E74A8A-1F1D-437D-A2DC-A1B7705D431E}.Debug|Any CPU.ActiveCfg = Debug|Any CPU
		{91E74A8A-1F1D-437D-A2DC-A1B7705D431E}.Debug|Any CPU.Build.0 = Debug|Any CPU
		{91E74A8A-1F1D-437D-A2DC-A1B7705D431E}.Release|Any CPU.ActiveCfg = Release|Any CPU
		{91E74A8A-1F1D-437D-A2DC-A1B7705D431E}.Release|Any CPU.Build.0 = Release|Any CPU
		{BFF0EAFF-CBE8-4D9F-8DC0-8C6A548EB284}.Debug|Any CPU.ActiveCfg = Debug|Any CPU
		{BFF0EAFF-CBE8-4D9F-8DC0-8C6A548EB284}.Debug|Any CPU.Build.0 = Debug|Any CPU
		{BFF0EAFF-CBE8-4D9F-8DC0-8C6A548EB284}.Release|Any CPU.ActiveCfg = Release|Any CPU
		{BFF0EAFF-CBE8-4D9F-8DC0-8C6A548EB284}.Release|Any CPU.Build.0 = Release|Any CPU
	EndGlobalSection
	GlobalSection(SolutionProperties) = preSolution
		HideSolutionNode = FALSE
	EndGlobalSection
EndGlobal
